
Microsoft Visual Studio Solution File, Format Version 12.00
# Visual Studio Version 16
VisualStudioVersion = 16.0.32002.261
MinimumVisualStudioVersion = 10.0.40219.1
Project("{9A19103F-16F7-4668-BE54-9A1E7A4F7556}") = "TerramonMod", "TerramonMod.csproj", "{DC60D148-5A10-4811-830A-665165DA7AFE}"
EndProject
Global
	GlobalSection(SolutionConfigurationPlatforms) = preSolution
		Debug|Any CPU = Debug|Any CPU
		Release|Any CPU = Release|Any CPU
	EndGlobalSection
	GlobalSection(ProjectConfigurationPlatforms) = postSolution
		{DC60D148-5A10-4811-830A-665165DA7AFE}.Debug|Any CPU.ActiveCfg = Debug|Any CPU
		{DC60D148-5A10-4811-830A-665165DA7AFE}.Debug|Any CPU.Build.0 = Debug|Any CPU
		{DC60D148-5A10-4811-830A-665165DA7AFE}.Release|Any CPU.ActiveCfg = Release|Any CPU
		{DC60D148-5A10-4811-830A-665165DA7AFE}.Release|Any CPU.Build.0 = Release|Any CPU
	EndGlobalSection
	GlobalSection(SolutionProperties) = preSolution
		HideSolutionNode = FALSE
	EndGlobalSection
	GlobalSection(ExtensibilityGlobals) = postSolution
		SolutionGuid = {361D4389-1CD5-4606-A4AE-7A3B024FDFB8}
	EndGlobalSection
EndGlobal
